
Microsoft Visual Studio Solution File, Format Version 12.00
# Visual Studio Version 17
VisualStudioVersion = 17.5.002.0
MinimumVisualStudioVersion = 10.0.40219.1
Project("{9A19103F-16F7-4668-BE54-9A1E7A4F7556}") = "email", "email.csproj", "{03694204-7F00-443B-9FF1-9A2AF84A395D}"
EndProject
Global
	GlobalSection(SolutionConfigurationPlatforms) = preSolution
		Debug|Any CPU = Debug|Any CPU
		Release|Any CPU = Release|Any CPU
	EndGlobalSection
	GlobalSection(ProjectConfigurationPlatforms) = postSolution
		{03694204-7F00-443B-9FF1-9A2AF84A395D}.Debug|Any CPU.ActiveCfg = Debug|Any CPU
		{03694204-7F00-443B-9FF1-9A2AF84A395D}.Debug|Any CPU.Build.0 = Debug|Any CPU
		{03694204-7F00-443B-9FF1-9A2AF84A395D}.Release|Any CPU.ActiveCfg = Release|Any CPU
		{03694204-7F00-443B-9FF1-9A2AF84A395D}.Release|Any CPU.Build.0 = Release|Any CPU
	EndGlobalSection
	GlobalSection(SolutionProperties) = preSolution
		HideSolutionNode = FALSE
	EndGlobalSection
	GlobalSection(ExtensibilityGlobals) = postSolution
		SolutionGuid = {FCA2F945-82D9-4825-BA7B-A68B8FEDF0D6}
	EndGlobalSection
EndGlobal
